
Microsoft Visual Studio Solution File, Format Version 12.00
# Visual Studio Version 17
VisualStudioVersion = 17.9.34728.123
MinimumVisualStudioVersion = 10.0.40219.1
Project("{FAE04EC0-301F-11D3-BF4B-00C04F79EFBC}") = "Session1", "Session1\Session1.csproj", "{74852B5E-D50C-4D45-A745-135D802AFCEA}"
EndProject
Global
	GlobalSection(SolutionConfigurationPlatforms) = preSolution
		Debug|Any CPU = Debug|Any CPU
		Release|Any CPU = Release|Any CPU
	EndGlobalSection
	GlobalSection(ProjectConfigurationPlatforms) = postSolution
		{74852B5E-D50C-4D45-A745-135D802AFCEA}.Debug|Any CPU.ActiveCfg = Debug|Any CPU
		{74852B5E-D50C-4D45-A745-135D802AFCEA}.Debug|Any CPU.Build.0 = Debug|Any CPU
		{74852B5E-D50C-4D45-A745-135D802AFCEA}.Release|Any CPU.ActiveCfg = Release|Any CPU
		{74852B5E-D50C-4D45-A745-135D802AFCEA}.Release|Any CPU.Build.0 = Release|Any CPU
	EndGlobalSection
	GlobalSection(SolutionProperties) = preSolution
		HideSolutionNode = FALSE
	EndGlobalSection
	GlobalSection(ExtensibilityGlobals) = postSolution
		SolutionGuid = {5145355F-C0DC-4247-9E67-B8E3D97BDA6E}
	EndGlobalSection
EndGlobal
